
Microsoft Visual Studio Solution File, Format Version 12.00
# Visual Studio 15
VisualStudioVersion = 15.0.27130.2027
MinimumVisualStudioVersion = 10.0.40219.1
Project("{8BC9CEB8-8B4A-11D0-8D11-00A0C91BC942}") = "CWeaponInfoBlob Adjuster", "CWeaponInfoBlob Adjuster\CWeaponInfoBlob Adjuster.vcxproj", "{F8A5AB0F-66F4-4170-9CF9-54B50FDEA7F0}"
EndProject
Global
	GlobalSection(SolutionConfigurationPlatforms) = preSolution
		Debug|x64 = Debug|x64
		Release|x64 = Release|x64
	EndGlobalSection
	GlobalSection(ProjectConfigurationPlatforms) = postSolution
		{F8A5AB0F-66F4-4170-9CF9-54B50FDEA7F0}.Debug|x64.ActiveCfg = Debug|x64
		{F8A5AB0F-66F4-4170-9CF9-54B50FDEA7F0}.Debug|x64.Build.0 = Debug|x64
		{F8A5AB0F-66F4-4170-9CF9-54B50FDEA7F0}.Release|x64.ActiveCfg = Release|x64
		{F8A5AB0F-66F4-4170-9CF9-54B50FDEA7F0}.Release|x64.Build.0 = Release|x64
	EndGlobalSection
	GlobalSection(SolutionProperties) = preSolution
		HideSolutionNode = FALSE
	EndGlobalSection
	GlobalSection(ExtensibilityGlobals) = postSolution
		SolutionGuid = {03BB98BB-E457-4594-B686-4AA02EB58FA3}
	EndGlobalSection
EndGlobal
